Microsoft Visual Studio Solution File, Format Version 12.00
# Visual Studio Version 17
VisualStudioVersion = 17.13.35931.197
MinimumVisualStudioVersion = 10.0.40219.1
Project("{FAE04EC0-301F-11D3-BF4B-00C04F79EFBC}") = "UnsecuredAPIKeys.WebAPI", "UnsecuredAPIKeys.WebAPI\UnsecuredAPIKeys.WebAPI.csproj", "{7D9A6FF2-034D-4A5A-ACE9-EAA35E6E2054}"
EndProject
Project("{FAE04EC0-301F-11D3-BF4B-00C04F79EFBC}") = "UnsecuredAPIKeys.Bots.Scraper", "UnsecuredAPIKeys.Bots.Scraper\UnsecuredAPIKeys.Bots.Scraper.csproj", "{EFD412F1-B027-4106-9FB8-0C82CD97B916}"
EndProject
Project("{FAE04EC0-301F-11D3-BF4B-00C04F79EFBC}") = "UnsecuredAPIKeys.Data", "UnsecuredAPIKeys.Data\UnsecuredAPIKeys.Data.csproj", "{F4BC4B91-7945-4171-BA6E-BECFEF771A21}"
EndProject
Project("{FAE04EC0-301F-11D3-BF4B-00C04F79EFBC}") = "UnsecuredAPIKeys.Bots.Verifier", "UnsecuredAPIKeys.Bots.Verifier\UnsecuredAPIKeys.Bots.Verifier.csproj", "{3C33ED7C-B00A-4E74-B516-5CA62C68F53C}"
EndProject
Project("{FAE04EC0-301F-11D3-BF4B-00C04F79EFBC}") = "UnsecuredAPIKeys.Providers", "UnsecuredAPIKeys.Providers\UnsecuredAPIKeys.Providers.csproj", "{7389D703-A7C1-4853-A857-C1C97C1C6178}"
EndProject
Global
	GlobalSection(SolutionConfigurationPlatforms) = preSolution
		Debug|Any CPU = Debug|Any CPU
		Release|Any CPU = Release|Any CPU
	EndGlobalSection
	GlobalSection(ProjectConfigurationPlatforms) = postSolution
		{7D9A6FF2-034D-4A5A-ACE9-EAA35E6E2054}.Debug|Any CPU.ActiveCfg = Debug|Any CPU
		{7D9A6FF2-034D-4A5A-ACE9-EAA35E6E2054}.Debug|Any CPU.Build.0 = Debug|Any CPU
		{7D9A6FF2-034D-4A5A-ACE9-EAA35E6E2054}.Release|Any CPU.ActiveCfg = Release|Any CPU
		{7D9A6FF2-034D-4A5A-ACE9-EAA35E6E2054}.Release|Any CPU.Build.0 = Release|Any CPU
		{EFD412F1-B027-4106-9FB8-0C82CD97B916}.Debug|Any CPU.ActiveCfg = Debug|Any CPU
		{EFD412F1-B027-4106-9FB8-0C82CD97B916}.Debug|Any CPU.Build.0 = Debug|Any CPU
		{EFD412F1-B027-4106-9FB8-0C82CD97B916}.Release|Any CPU.ActiveCfg = Release|Any CPU
		{EFD412F1-B027-4106-9FB8-0C82CD97B916}.Release|Any CPU.Build.0 = Release|Any CPU
		{F4BC4B91-7945-4171-BA6E-BECFEF771A21}.Debug|Any CPU.ActiveCfg = Debug|Any CPU
		{F4BC4B91-7945-4171-BA6E-BECFEF771A21}.Debug|Any CPU.Build.0 = Debug|Any CPU
		{F4BC4B91-7945-4171-BA6E-BECFEF771A21}.Release|Any CPU.ActiveCfg = Release|Any CPU
		{F4BC4B91-7945-4171-BA6E-BECFEF771A21}.Release|Any CPU.Build.0 = Release|Any CPU
		{3C33ED7C-B00A-4E74-B516-5CA62C68F53C}.Debug|Any CPU.ActiveCfg = Debug|Any CPU
		{3C33ED7C-B00A-4E74-B516-5CA62C68F53C}.Debug|Any CPU.Build.0 = Debug|Any CPU
		{3C33ED7C-B00A-4E74-B516-5CA62C68F53C}.Release|Any CPU.ActiveCfg = Release|Any CPU
		{3C33ED7C-B00A-4E74-B516-5CA62C68F53C}.Release|Any CPU.Build.0 = Release|Any CPU
		{7389D703-A7C1-4853-A857-C1C97C1C6178}.Debug|Any CPU.ActiveCfg = Debug|Any CPU
		{7389D703-A7C1-4853-A857-C1C97C1C6178}.Debug|Any CPU.Build.0 = Debug|Any CPU
		{7389D703-A7C1-4853-A857-C1C97C1C6178}.Release|Any CPU.ActiveCfg = Release|Any CPU
		{7389D703-A7C1-4853-A857-C1C97C1C6178}.Release|Any CPU.Build.0 = Release|Any CPU
	EndGlobalSection
	GlobalSection(SolutionProperties) = preSolution
		HideSolutionNode = FALSE
	EndGlobalSection
	GlobalSection(ExtensibilityGlobals) = postSolution
		SolutionGuid = {FEDEE8B0-6BD4-48B2-BA35-31BFC542BC0D}
	EndGlobalSection
EndGlobal
