{
  "name": "UnsecuredAPIKeys.Data",
  "lockfileVersion": 3,
  "requires": true,
  "packages": {
    "": {
      "dependencies": {
        "@sentry/react": "^9.14.0"
      }
    },
    "node_modules/@sentry-internal/browser-utils": {
      "version": "9.14.0",
      "resolved": "https://registry.npmjs.org/@sentry-internal/browser-utils/-/browser-utils-9.14.0.tgz",
      "integrity": "sha512-pDk9XUu9zf7lcT9QX0nTObPNp/y0xQyy1Dj+5/8TSB3vAfe0LQcooKGl/D1h7EoIXVHUozZk5JC/dH+gz6BXRg==",
      "license": "MIT",
      "dependencies": {
        "@sentry/core": "9.14.0"
      },
      "engines": {
        "node": ">=18"
      }
    },
    "node_modules/@sentry-internal/feedback": {
      "version": "9.14.0",
      "resolved": "https://registry.npmjs.org/@sentry-internal/feedback/-/feedback-9.14.0.tgz",
      "integrity": "sha512-D+PiEUWbDT0vqmaTiOs6OzXwVRVFgf7BCkFs48qsN9sAPwUgT+5zh2oo/rU2r0NrmMcvJVtSY+ezwPMk8BgGsg==",
      "license": "MIT",
      "dependencies": {
        "@sentry/core": "9.14.0"
      },
      "engines": {
        "node": ">=18"
      }
    },
    "node_modules/@sentry-internal/replay": {
      "version": "9.14.0",
      "resolved": "https://registry.npmjs.org/@sentry-internal/replay/-/replay-9.14.0.tgz",
      "integrity": "sha512-wgt397/PtpfVQ9t779a0L+hGH3JN9doXv3+9Wj98MLWwhymvJBjpjCFUBLScO5iP6imewTbRqQHbq7XS7I+x1A==",
      "license": "MIT",
      "dependencies": {
        "@sentry-internal/browser-utils": "9.14.0",
        "@sentry/core": "9.14.0"
      },
      "engines": {
        "node": ">=18"
      }
    },
    "node_modules/@sentry-internal/replay-canvas": {
      "version": "9.14.0",
      "resolved": "https://registry.npmjs.org/@sentry-internal/replay-canvas/-/replay-canvas-9.14.0.tgz",
      "integrity": "sha512-GhCSqc0oNzRiLhQsi9LCXgUmIwdHdvzVIsX4fihoFYWfgWSSj5YLqeEkb3CMM8htM6vheSFzIbPLlRS8fjCrPQ==",
      "license": "MIT",
      "dependencies": {
        "@sentry-internal/replay": "9.14.0",
        "@sentry/core": "9.14.0"
      },
      "engines": {
        "node": ">=18"
      }
    },
    "node_modules/@sentry/browser": {
      "version": "9.14.0",
      "resolved": "https://registry.npmjs.org/@sentry/browser/-/browser-9.14.0.tgz",
      "integrity": "sha512-acxFbFEei3hzKr/IW3OmkzHlwohRaRBG0872nIhLYV2f/BgZmR6eV5zrUoELMmt2cgoLmDYyfp1734OoplfDbw==",
      "license": "MIT",
      "dependencies": {
        "@sentry-internal/browser-utils": "9.14.0",
        "@sentry-internal/feedback": "9.14.0",
        "@sentry-internal/replay": "9.14.0",
        "@sentry-internal/replay-canvas": "9.14.0",
        "@sentry/core": "9.14.0"
      },
      "engines": {
        "node": ">=18"
      }
    },
    "node_modules/@sentry/core": {
      "version": "9.14.0",
      "resolved": "https://registry.npmjs.org/@sentry/core/-/core-9.14.0.tgz",
      "integrity": "sha512-OLfucnP3LAL5bxVNWc2RVOHCX7fk9Er5bWPCS+O5cPjqNUUz0HQHhVh2Vhei5C0kYZZM4vy4BQit5T9LrlOaNA==",
      "license": "MIT",
      "engines": {
        "node": ">=18"
      }
    },
    "node_modules/@sentry/react": {
      "version": "9.14.0",
      "resolved": "https://registry.npmjs.org/@sentry/react/-/react-9.14.0.tgz",
      "integrity": "sha512-0dRfTorcInBjxVnis6Zv0+Jqex2OXFNQf+cQanKuC0IRkAhZyD2+UO2/v39sSmtvrHIcZRQ9fta8qKdhFUXCqg==",
      "license": "MIT",
      "dependencies": {
        "@sentry/browser": "9.14.0",
        "@sentry/core": "9.14.0",
        "hoist-non-react-statics": "^3.3.2"
      },
      "engines": {
        "node": ">=18"
      },
      "peerDependencies": {
        "react": "^16.14.0 || 17.x || 18.x || 19.x"
      }
    },
    "node_modules/hoist-non-react-statics": {
      "version": "3.3.2",
      "resolved": "https://registry.npmjs.org/hoist-non-react-statics/-/hoist-non-react-statics-3.3.2.tgz",
      "integrity": "sha512-/gGivxi8JPKWNm/W0jSmzcMPpfpPLc3dY/6GxhX2hQ9iGj3aDfklV4ET7NjKpSinLpJ5vafa9iiGIEZg10SfBw==",
      "license": "BSD-3-Clause",
      "dependencies": {
        "react-is": "^16.7.0"
      }
    },
    "node_modules/react": {
      "version": "19.1.0",
      "resolved": "https://registry.npmjs.org/react/-/react-19.1.0.tgz",
      "integrity": "sha512-FS+XFBNvn3GTAWq26joslQgWNoFu08F4kl0J4CgdNKADkdSGXQyTCnKteIAJy96Br6YbpEU1LSzV5dYtjMkMDg==",
      "license": "MIT",
      "peer": true,
      "engines": {
        "node": ">=0.10.0"
      }
    },
    "node_modules/react-is": {
      "version": "16.13.1",
      "resolved": "https://registry.npmjs.org/react-is/-/react-is-16.13.1.tgz",
      "integrity": "sha512-24e6ynE2H+OKt4kqsOvNd8kBpV65zoxbA4BVsEOB3ARVWQki/DHzaUoC5KuON/BiccDaCCTZBuOcfZs70kR8bQ==",
      "license": "MIT"
    }
  }
}
